// !$*UTF8*$!
{
	archiveVersion = 1;
	classes = {
	};
	objectVersion = 55;
	objects = {

/* Begin PBXBuildFile section */
		9FEB51272838DCEB009A09B6 /* Facebook_Auth_ExampleApp.swift in Sources */ = {isa = PBXBuildFile; fileRef = 9FEB51262838DCEB009A09B6 /* Facebook_Auth_ExampleApp.swift */; };
		9FEB51292838DCEB009A09B6 /* ContentView.swift in Sources */ = {isa = PBXBuildFile; fileRef = 9FEB51282838DCEB009A09B6 /* ContentView.swift */; };
		9FEB512B2838DCEC009A09B6 /* Assets.xcassets in Resources */ = {isa = PBXBuildFile; fileRef = 9FEB512A2838DCEC009A09B6 /* Assets.xcassets */; };
		9FEB512E2838DCEC009A09B6 /* Preview Assets.xcassets in Resources */ = {isa = PBXBuildFile; fileRef = 9FEB512D2838DCEC009A09B6 /* Preview Assets.xcassets */; };
		9FEB51362838DD51009A09B6 /* GoogleService-Info.plist in Resources */ = {isa = PBXBuildFile; fileRef = 9FEB51352838DD51009A09B6 /* GoogleService-Info.plist */; };
		9FEB51392838DD93009A09B6 /* FirebaseAuth in Frameworks */ = {isa = PBXBuildFile; productRef = 9FEB51382838DD93009A09B6 /* FirebaseAuth */; };
		9FEB513C2838DDC6009A09B6 /* FacebookCore in Frameworks */ = {isa = PBXBuildFile; productRef = 9FEB513B2838DDC6009A09B6 /* FacebookCore */; };
		9FEB513E2838DDC6009A09B6 /* FacebookLogin in Frameworks */ = {isa = PBXBuildFile; productRef = 9FEB513D2838DDC6009A09B6 /* FacebookLogin */; };
		9FEB51412838DDE5009A09B6 /* FacebookLoginViewModel.swift in Sources */ = {isa = PBXBuildFile; fileRef = 9FEB513F2838DDE5009A09B6 /* FacebookLoginViewModel.swift */; };
		9FEB51422838DDE5009A09B6 /* FacebookLoginModel.swift in Sources */ = {isa = PBXBuildFile; fileRef = 9FEB51402838DDE5009A09B6 /* FacebookLoginModel.swift */; };
/* End PBXBuildFile section */

/* Begin PBXFileReference section */
		9FEB51232838DCEB009A09B6 /* Facebook Auth Example.app */ = {isa = PBXFileReference; explicitFileType = wrapper.application; includeInIndex = 0; path = "Facebook Auth Example.app"; sourceTree = BUILT_PRODUCTS_DIR; };
		9FEB51262838DCEB009A09B6 /* Facebook_Auth_ExampleApp.swift */ = {isa = PBXFileReference; lastKnownFileType = sourcecode.swift; path = Facebook_Auth_ExampleApp.swift; sourceTree = "<group>"; };
		9FEB51282838DCEB009A09B6 /* ContentView.swift */ = {isa = PBXFileReference; lastKnownFileType = sourcecode.swift; path = ContentView.swift; sourceTree = "<group>"; };
		9FEB512A2838DCEC009A09B6 /* Assets.xcassets */ = {isa = PBXFileReference; lastKnownFileType = folder.assetcatalog; path = Assets.xcassets; sourceTree = "<group>"; };
		9FEB512D2838DCEC009A09B6 /* Preview Assets.xcassets */ = {isa = PBXFileReference; lastKnownFileType = folder.assetcatalog; path = "Preview Assets.xcassets"; sourceTree = "<group>"; };
		9FEB51342838DCFE009A09B6 /* Facebook-Auth-Example-Info.plist */ = {isa = PBXFileReference; lastKnownFileType = text.plist; path = "Facebook-Auth-Example-Info.plist"; sourceTree = SOURCE_ROOT; };
		9FEB51352838DD51009A09B6 /* GoogleService-Info.plist */ = {isa = PBXFileReference; fileEncoding = 4; lastKnownFileType = text.plist.xml; path = "GoogleService-Info.plist"; sourceTree = "<group>"; };
		9FEB513F2838DDE5009A09B6 /* FacebookLoginViewModel.swift */ = {isa = PBXFileReference; fileEncoding = 4; lastKnownFileType = sourcecode.swift; path = FacebookLoginViewModel.swift; sourceTree = "<group>"; };
		9FEB51402838DDE5009A09B6 /* FacebookLoginModel.swift */ = {isa = PBXFileReference; fileEncoding = 4; lastKnownFileType = sourcecode.swift; path = FacebookLoginModel.swift; sourceTree = "<group>"; };
/* End PBXFileReference section */

/* Begin PBXFrameworksBuildPhase section */
		9FEB51202838DCEB009A09B6 /* Frameworks */ = {
			isa = PBXFrameworksBuildPhase;
			buildActionMask = 2147483647;
			files = (
				9FEB51392838DD93009A09B6 /* FirebaseAuth in Frameworks */,
				9FEB513C2838DDC6009A09B6 /* FacebookCore in Frameworks */,
				9FEB513E2838DDC6009A09B6 /* FacebookLogin in Frameworks */,
			);
			runOnlyForDeploymentPostprocessing = 0;
		};
/* End PBXFrameworksBuildPhase section */

/* Begin PBXGroup section */
		9FEB511A2838DCEB009A09B6 = {
			isa = PBXGroup;
			children = (
				9FEB51252838DCEB009A09B6 /* Facebook Auth Example */,
				9FEB51242838DCEB009A09B6 /* Products */,
			);
			sourceTree = "<group>";
		};
		9FEB51242838DCEB009A09B6 /* Products */ = {
			isa = PBXGroup;
			children = (
				9FEB51232838DCEB009A09B6 /* Facebook Auth Example.app */,
			);
			name = Products;
			sourceTree = "<group>";
		};
		9FEB51252838DCEB009A09B6 /* Facebook Auth Example */ = {
			isa = PBXGroup;
			children = (
				9FEB51352838DD51009A09B6 /* GoogleService-Info.plist */,
				9FEB51342838DCFE009A09B6 /* Facebook-Auth-Example-Info.plist */,
				9FEB51262838DCEB009A09B6 /* Facebook_Auth_ExampleApp.swift */,
				9FEB51282838DCEB009A09B6 /* ContentView.swift */,
				9FEB51402838DDE5009A09B6 /* FacebookLoginModel.swift */,
				9FEB513F2838DDE5009A09B6 /* FacebookLoginViewModel.swift */,
				9FEB512A2838DCEC009A09B6 /* Assets.xcassets */,
				9FEB512C2838DCEC009A09B6 /* Preview Content */,
			);
			path = "Facebook Auth Example";
			sourceTree = "<group>";
		};
		9FEB512C2838DCEC009A09B6 /* Preview Content */ = {
			isa = PBXGroup;
			children = (
				9FEB512D2838DCEC009A09B6 /* Preview Assets.xcassets */,
			);
			path = "Preview Content";
			sourceTree = "<group>";
		};
/* End PBXGroup section */

/* Begin PBXNativeTarget section */
		9FEB51222838DCEB009A09B6 /* Facebook Auth Example */ = {
			isa = PBXNativeTarget;
			buildConfigurationList = 9FEB51312838DCEC009A09B6 /* Build configuration list for PBXNativeTarget "Facebook Auth Example" */;
			buildPhases = (
				9FEB511F2838DCEB009A09B6 /* Sources */,
				9FEB51202838DCEB009A09B6 /* Frameworks */,
				9FEB51212838DCEB009A09B6 /* Resources */,
			);
			buildRules = (
			);
			dependencies = (
			);
			name = "Facebook Auth Example";
			packageProductDependencies = (
				9FEB51382838DD93009A09B6 /* FirebaseAuth */,
				9FEB513B2838DDC6009A09B6 /* FacebookCore */,
				9FEB513D2838DDC6009A09B6 /* FacebookLogin */,
			);
			productName = "Facebook Auth Example";
			productReference = 9FEB51232838DCEB009A09B6 /* Facebook Auth Example.app */;
			productType = "com.apple.product-type.application";
		};
/* End PBXNativeTarget section */

/* Begin PBXProject section */
		9FEB511B2838DCEB009A09B6 /* Project object */ = {
			isa = PBXProject;
			attributes = {
				BuildIndependentTargetsInParallel = 1;
				LastSwiftUpdateCheck = 1340;
				LastUpgradeCheck = 1340;
				TargetAttributes = {
					9FEB51222838DCEB009A09B6 = {
						CreatedOnToolsVersion = 13.4;
					};
				};
			};
			buildConfigurationList = 9FEB511E2838DCEB009A09B6 /* Build configuration list for PBXProject "Facebook Auth Example" */;
			compatibilityVersion = "Xcode 13.0";
			developmentRegion = en;
			hasScannedForEncodings = 0;
			knownRegions = (
				en,
				Base,
			);
			mainGroup = 9FEB511A2838DCEB009A09B6;
			packageReferences = (
				9FEB51372838DD93009A09B6 /* XCRemoteSwiftPackageReference "firebase-ios-sdk" */,
				9FEB513A2838DDC5009A09B6 /* XCRemoteSwiftPackageReference "facebook-ios-sdk" */,
			);
			productRefGroup = 9FEB51242838DCEB009A09B6 /* Products */;
			projectDirPath = "";
			projectRoot = "";
			targets = (
				9FEB51222838DCEB009A09B6 /* Facebook Auth Example */,
			);
		};
/* End PBXProject section */

/* Begin PBXResourcesBuildPhase section */
		9FEB51212838DCEB009A09B6 /* Resources */ = {
			isa = PBXResourcesBuildPhase;
			buildActionMask = 2147483647;
			files = (
				9FEB512E2838DCEC009A09B6 /* Preview Assets.xcassets in Resources */,
				9FEB512B2838DCEC009A09B6 /* Assets.xcassets in Resources */,
				9FEB51362838DD51009A09B6 /* GoogleService-Info.plist in Resources */,
			);
			runOnlyForDeploymentPostprocessing = 0;
		};
/* End PBXResourcesBuildPhase section */

/* Begin PBXSourcesBuildPhase section */
		9FEB511F2838DCEB009A09B6 /* Sources */ = {
			isa = PBXSourcesBuildPhase;
			buildActionMask = 2147483647;
			files = (
				9FEB51292838DCEB009A09B6 /* ContentView.swift in Sources */,
				9FEB51272838DCEB009A09B6 /* Facebook_Auth_ExampleApp.swift in Sources */,
				9FEB51412838DDE5009A09B6 /* FacebookLoginViewModel.swift in Sources */,
				9FEB51422838DDE5009A09B6 /* FacebookLoginModel.swift in Sources */,
			);
			runOnlyForDeploymentPostprocessing = 0;
		};
/* End PBXSourcesBuildPhase section */

/* Begin XCBuildConfiguration section */
		9FEB512F2838DCEC009A09B6 /* Debug */ = {
			isa = XCBuildConfiguration;
			buildSettings = {
				ALWAYS_SEARCH_USER_PATHS = NO;
				CLANG_ANALYZER_NONNULL = YES;
				CLANG_ANALYZER_NUMBER_OBJECT_CONVERSION = YES_AGGRESSIVE;
				CLANG_CXX_LANGUAGE_STANDARD = "gnu++17";
				CLANG_ENABLE_MODULES = YES;
				CLANG_ENABLE_OBJC_ARC = YES;
				CLANG_ENABLE_OBJC_WEAK = YES;
				CLANG_WARN_BLOCK_CAPTURE_AUTORELEASING = YES;
				CLANG_WARN_BOOL_CONVERSION = YES;
				CLANG_WARN_COMMA = YES;
				CLANG_WARN_CONSTANT_CONVERSION = YES;
				CLANG_WARN_DEPRECATED_OBJC_IMPLEMENTATIONS = YES;
				CLANG_WARN_DIRECT_OBJC_ISA_USAGE = YES_ERROR;
				CLANG_WARN_DOCUMENTATION_COMMENTS = YES;
				CLANG_WARN_EMPTY_BODY = YES;
				CLANG_WARN_ENUM_CONVERSION = YES;
				CLANG_WARN_INFINITE_RECURSION = YES;
				CLANG_WARN_INT_CONVERSION = YES;
				CLANG_WARN_NON_LITERAL_NULL_CONVERSION = YES;
				CLANG_WARN_OBJC_IMPLICIT_RETAIN_SELF = YES;
				CLANG_WARN_OBJC_LITERAL_CONVERSION = YES;
				CLANG_WARN_OBJC_ROOT_CLASS = YES_ERROR;
				CLANG_WARN_QUOTED_INCLUDE_IN_FRAMEWORK_HEADER = YES;
				CLANG_WARN_RANGE_LOOP_ANALYSIS = YES;
				CLANG_WARN_STRICT_PROTOTYPES = YES;
				CLANG_WARN_SUSPICIOUS_MOVE = YES;
				CLANG_WARN_UNGUARDED_AVAILABILITY = YES_AGGRESSIVE;
				CLANG_WARN_UNREACHABLE_CODE = YES;
				CLANG_WARN__DUPLICATE_METHOD_MATCH = YES;
				COPY_PHASE_STRIP = NO;
				DEBUG_INFORMATION_FORMAT = dwarf;
				ENABLE_STRICT_OBJC_MSGSEND = YES;
				ENABLE_TESTABILITY = YES;
				GCC_C_LANGUAGE_STANDARD = gnu11;
				GCC_DYNAMIC_NO_PIC = NO;
				GCC_NO_COMMON_BLOCKS = YES;
				GCC_OPTIMIZATION_LEVEL = 0;
				GCC_PREPROCESSOR_DEFINITIONS = (
					"DEBUG=1",
					"$(inherited)",
				);
				GCC_WARN_64_TO_32_BIT_CONVERSION = YES;
				GCC_WARN_ABOUT_RETURN_TYPE = YES_ERROR;
				GCC_WARN_UNDECLARED_SELECTOR = YES;
				GCC_WARN_UNINITIALIZED_AUTOS = YES_AGGRESSIVE;
				GCC_WARN_UNUSED_FUNCTION = YES;
				GCC_WARN_UNUSED_VARIABLE = YES;
				IPHONEOS_DEPLOYMENT_TARGET = 15.5;
				MTL_ENABLE_DEBUG_INFO = INCLUDE_SOURCE;
				MTL_FAST_MATH = YES;
				ONLY_ACTIVE_ARCH = YES;
				SDKROOT = iphoneos;
				SWIFT_ACTIVE_COMPILATION_CONDITIONS = DEBUG;
				SWIFT_OPTIMIZATION_LEVEL = "-Onone";
			};
			name = Debug;
		};
		9FEB51302838DCEC009A09B6 /* Release */ = {
			isa = XCBuildConfiguration;
			buildSettings = {
				ALWAYS_SEARCH_USER_PATHS = NO;
				CLANG_ANALYZER_NONNULL = YES;
				CLANG_ANALYZER_NUMBER_OBJECT_CONVERSION = YES_AGGRESSIVE;
				CLANG_CXX_LANGUAGE_STANDARD = "gnu++17";
				CLANG_ENABLE_MODULES = YES;
				CLANG_ENABLE_OBJC_ARC = YES;
				CLANG_ENABLE_OBJC_WEAK = YES;
				CLANG_WARN_BLOCK_CAPTURE_AUTORELEASING = YES;
				CLANG_WARN_BOOL_CONVERSION = YES;
				CLANG_WARN_COMMA = YES;
				CLANG_WARN_CONSTANT_CONVERSION = YES;
				CLANG_WARN_DEPRECATED_OBJC_IMPLEMENTATIONS = YES;
				CLANG_WARN_DIRECT_OBJC_ISA_USAGE = YES_ERROR;
				CLANG_WARN_DOCUMENTATION_COMMENTS = YES;
				CLANG_WARN_EMPTY_BODY = YES;
				CLANG_WARN_ENUM_CONVERSION = YES;
				CLANG_WARN_INFINITE_RECURSION = YES;
				CLANG_WARN_INT_CONVERSION = YES;
				CLANG_WARN_NON_LITERAL_NULL_CONVERSION = YES;
				CLANG_WARN_OBJC_IMPLICIT_RETAIN_SELF = YES;
				CLANG_WARN_OBJC_LITERAL_CONVERSION = YES;
				CLANG_WARN_OBJC_ROOT_CLASS = YES_ERROR;
				CLANG_WARN_QUOTED_INCLUDE_IN_FRAMEWORK_HEADER = YES;
				CLANG_WARN_RANGE_LOOP_ANALYSIS = YES;
				CLANG_WARN_STRICT_PROTOTYPES = YES;
				CLANG_WARN_SUSPICIOUS_MOVE = YES;
				CLANG_WARN_UNGUARDED_AVAILABILITY = YES_AGGRESSIVE;
				CLANG_WARN_UNREACHABLE_CODE = YES;
				CLANG_WARN__DUPLICATE_METHOD_MATCH = YES;
				COPY_PHASE_STRIP = NO;
				DEBUG_INFORMATION_FORMAT = "dwarf-with-dsym";
				ENABLE_NS_ASSERTIONS = NO;
				ENABLE_STRICT_OBJC_MSGSEND = YES;
				GCC_C_LANGUAGE_STANDARD = gnu11;
				GCC_NO_COMMON_BLOCKS = YES;
				GCC_WARN_64_TO_32_BIT_CONVERSION = YES;
				GCC_WARN_ABOUT_RETURN_TYPE = YES_ERROR;
				GCC_WARN_UNDECLARED_SELECTOR = YES;
				GCC_WARN_UNINITIALIZED_AUTOS = YES_AGGRESSIVE;
				GCC_WARN_UNUSED_FUNCTION = YES;
				GCC_WARN_UNUSED_VARIABLE = YES;
				IPHONEOS_DEPLOYMENT_TARGET = 15.5;
				MTL_ENABLE_DEBUG_INFO = NO;
				MTL_FAST_MATH = YES;
				SDKROOT = iphoneos;
				SWIFT_COMPILATION_MODE = wholemodule;
				SWIFT_OPTIMIZATION_LEVEL = "-O";
				VALIDATE_PRODUCT = YES;
			};
			name = Release;
		};
		9FEB51322838DCEC009A09B6 /* Debug */ = {
			isa = XCBuildConfiguration;
			buildSettings = {
				ASSETCATALOG_COMPILER_APPICON_NAME = AppIcon;
				ASSETCATALOG_COMPILER_GLOBAL_ACCENT_COLOR_NAME = AccentColor;
				CODE_SIGN_STYLE = Automatic;
				CURRENT_PROJECT_VERSION = 1;
				DEVELOPMENT_ASSET_PATHS = "\"Facebook Auth Example/Preview Content\"";
				DEVELOPMENT_TEAM = 286V6NN9R7;
				ENABLE_PREVIEWS = YES;
				GENERATE_INFOPLIST_FILE = YES;
				INFOPLIST_FILE = "Facebook-Auth-Example-Info.plist";
				INFOPLIST_KEY_UIApplicationSceneManifest_Generation = YES;
				INFOPLIST_KEY_UIApplicationSupportsIndirectInputEvents = YES;
				INFOPLIST_KEY_UILaunchScreen_Generation = YES;
				INFOPLIST_KEY_UISupportedInterfaceOrientations_iPad = "UIInterfaceOrientationPortrait UIInterfaceOrientationPortraitUpsideDown UIInterfaceOrientationLandscapeLeft UIInterfaceOrientationLandscapeRight";
				INFOPLIST_KEY_UISupportedInterfaceOrientations_iPhone = "UIInterfaceOrientationPortrait UIInterfaceOrientationLandscapeLeft UIInterfaceOrientationLandscapeRight";
				LD_RUNPATH_SEARCH_PATHS = (
					"$(inherited)",
					"@executable_path/Frameworks",
				);
				MARKETING_VERSION = 1.0;
				PRODUCT_BUNDLE_IDENTIFIER = "com.Facebook-Auth-Example";
				PRODUCT_NAME = "$(TARGET_NAME)";
				SWIFT_EMIT_LOC_STRINGS = YES;
				SWIFT_VERSION = 5.0;
				TARGETED_DEVICE_FAMILY = "1,2";
			};
			name = Debug;
		};
		9FEB51332838DCEC009A09B6 /* Release */ = {
			isa = XCBuildConfiguration;
			buildSettings = {
				ASSETCATALOG_COMPILER_APPICON_NAME = AppIcon;
				ASSETCATALOG_COMPILER_GLOBAL_ACCENT_COLOR_NAME = AccentColor;
				CODE_SIGN_STYLE = Automatic;
				CURRENT_PROJECT_VERSION = 1;
				DEVELOPMENT_ASSET_PATHS = "\"Facebook Auth Example/Preview Content\"";
				DEVELOPMENT_TEAM = 286V6NN9R7;
				ENABLE_PREVIEWS = YES;
				GENERATE_INFOPLIST_FILE = YES;
				INFOPLIST_FILE = "Facebook-Auth-Example-Info.plist";
				INFOPLIST_KEY_UIApplicationSceneManifest_Generation = YES;
				INFOPLIST_KEY_UIApplicationSupportsIndirectInputEvents = YES;
				INFOPLIST_KEY_UILaunchScreen_Generation = YES;
				INFOPLIST_KEY_UISupportedInterfaceOrientations_iPad = "UIInterfaceOrientationPortrait UIInterfaceOrientationPortraitUpsideDown UIInterfaceOrientationLandscapeLeft UIInterfaceOrientationLandscapeRight";
				INFOPLIST_KEY_UISupportedInterfaceOrientations_iPhone = "UIInterfaceOrientationPortrait UIInterfaceOrientationLandscapeLeft UIInterfaceOrientationLandscapeRight";
				LD_RUNPATH_SEARCH_PATHS = (
					"$(inherited)",
					"@executable_path/Frameworks",
				);
				MARKETING_VERSION = 1.0;
				PRODUCT_BUNDLE_IDENTIFIER = "com.Facebook-Auth-Example";
				PRODUCT_NAME = "$(TARGET_NAME)";
				SWIFT_EMIT_LOC_STRINGS = YES;
				SWIFT_VERSION = 5.0;
				TARGETED_DEVICE_FAMILY = "1,2";
			};
			name = Release;
		};
/* End XCBuildConfiguration section */

/* Begin XCConfigurationList section */
		9FEB511E2838DCEB009A09B6 /* Build configuration list for PBXProject "Facebook Auth Example" */ = {
			isa = XCConfigurationList;
			buildConfigurations = (
				9FEB512F2838DCEC009A09B6 /* Debug */,
				9FEB51302838DCEC009A09B6 /* Release */,
			);
			defaultConfigurationIsVisible = 0;
			defaultConfigurationName = Release;
		};
		9FEB51312838DCEC009A09B6 /* Build configuration list for PBXNativeTarget "Facebook Auth Example" */ = {
			isa = XCConfigurationList;
			buildConfigurations = (
				9FEB51322838DCEC009A09B6 /* Debug */,
				9FEB51332838DCEC009A09B6 /* Release */,
			);
			defaultConfigurationIsVisible = 0;
			defaultConfigurationName = Release;
		};
/* End XCConfigurationList section */

/* Begin XCRemoteSwiftPackageReference section */
		9FEB51372838DD93009A09B6 /* XCRemoteSwiftPackageReference "firebase-ios-sdk" */ = {
			isa = XCRemoteSwiftPackageReference;
			repositoryURL = "https://github.com/firebase/firebase-ios-sdk";
			requirement = {
				kind = upToNextMajorVersion;
				minimumVersion = 9.0.0;
			};
		};
		9FEB513A2838DDC5009A09B6 /* XCRemoteSwiftPackageReference "facebook-ios-sdk" */ = {
			isa = XCRemoteSwiftPackageReference;
			repositoryURL = "https://github.com/facebook/facebook-ios-sdk";
			requirement = {
				branch = main;
				kind = branch;
			};
		};
/* End XCRemoteSwiftPackageReference section */

/* Begin XCSwiftPackageProductDependency section */
		9FEB51382838DD93009A09B6 /* FirebaseAuth */ = {
			isa = XCSwiftPackageProductDependency;
			package = 9FEB51372838DD93009A09B6 /* XCRemoteSwiftPackageReference "firebase-ios-sdk" */;
			productName = FirebaseAuth;
		};
		9FEB513B2838DDC6009A09B6 /* FacebookCore */ = {
			isa = XCSwiftPackageProductDependency;
			package = 9FEB513A2838DDC5009A09B6 /* XCRemoteSwiftPackageReference "facebook-ios-sdk" */;
			productName = FacebookCore;
		};
		9FEB513D2838DDC6009A09B6 /* FacebookLogin */ = {
			isa = XCSwiftPackageProductDependency;
			package = 9FEB513A2838DDC5009A09B6 /* XCRemoteSwiftPackageReference "facebook-ios-sdk" */;
			productName = FacebookLogin;
		};
/* End XCSwiftPackageProductDependency section */
	};
	rootObject = 9FEB511B2838DCEB009A09B6 /* Project object */;
}
